
Microsoft Visual Studio Solution File, Format Version 12.00
# Visual Studio Version 17
VisualStudioVersion = 17.14.36202.13 d17.14
MinimumVisualStudioVersion = 10.0.40219.1
Project("{FAE04EC0-301F-11D3-BF4B-00C04F79EFBC}") = "CameraRecord", "CameraRecord\CameraRecord.csproj", "{57C13C79-2CFB-444D-B289-54DEB96A5D62}"
EndProject
Global
	GlobalSection(SolutionConfigurationPlatforms) = preSolution
		Debug|Any CPU = Debug|Any CPU
		Release|Any CPU = Release|Any CPU
	EndGlobalSection
	GlobalSection(ProjectConfigurationPlatforms) = postSolution
		{57C13C79-2CFB-444D-B289-54DEB96A5D62}.Debug|Any CPU.ActiveCfg = Debug|Any CPU
		{57C13C79-2CFB-444D-B289-54DEB96A5D62}.Debug|Any CPU.Build.0 = Debug|Any CPU
		{57C13C79-2CFB-444D-B289-54DEB96A5D62}.Release|Any CPU.ActiveCfg = Release|Any CPU
		{57C13C79-2CFB-444D-B289-54DEB96A5D62}.Release|Any CPU.Build.0 = Release|Any CPU
	EndGlobalSection
	GlobalSection(SolutionProperties) = preSolution
		HideSolutionNode = FALSE
	EndGlobalSection
	GlobalSection(ExtensibilityGlobals) = postSolution
		SolutionGuid = {29EFD987-823D-4434-892B-2C94DE1B221E}
	EndGlobalSection
EndGlobal
