
Microsoft Visual Studio Solution File, Format Version 12.00
# Visual Studio Version 17
VisualStudioVersion = 17.14.36121.58 d17.14
MinimumVisualStudioVersion = 10.0.40219.1
Project("{FAE04EC0-301F-11D3-BF4B-00C04F79EFBC}") = "OpenDataAnalyzer", "OpenDataAnalyzer.csproj", "{4AF57893-8578-A38B-1045-9409081DE655}"
EndProject
Global
	GlobalSection(SolutionConfigurationPlatforms) = preSolution
		Debug|Any CPU = Debug|Any CPU
		Release|Any CPU = Release|Any CPU
	EndGlobalSection
	GlobalSection(ProjectConfigurationPlatforms) = postSolution
		{4AF57893-8578-A38B-1045-9409081DE655}.Debug|Any CPU.ActiveCfg = Debug|Any CPU
		{4AF57893-8578-A38B-1045-9409081DE655}.Debug|Any CPU.Build.0 = Debug|Any CPU
		{4AF57893-8578-A38B-1045-9409081DE655}.Release|Any CPU.ActiveCfg = Release|Any CPU
		{4AF57893-8578-A38B-1045-9409081DE655}.Release|Any CPU.Build.0 = Release|Any CPU
	EndGlobalSection
	GlobalSection(SolutionProperties) = preSolution
		HideSolutionNode = FALSE
	EndGlobalSection
	GlobalSection(ExtensibilityGlobals) = postSolution
		SolutionGuid = {CE37B3D5-E5E0-43DF-B11F-6794C045B385}
	EndGlobalSection
EndGlobal
