Microsoft Visual Studio Solution File, Format Version 12.00
# Visual Studio Version 17
VisualStudioVersion = 17.5.2.0
MinimumVisualStudioVersion = 10.0.40219.1
Project("{FAE04EC0-301F-11D3-BF4B-00C04F79EFBC}") = "AirQualityApp", "AirQualityApp.csproj", "{AE3332A1-0E56-F852-B4B5-7951BDE8826B}"
EndProject
Global
	GlobalSection(SolutionConfigurationPlatforms) = preSolution
		Debug|Any CPU = Debug|Any CPU
		Release|Any CPU = Release|Any CPU
	EndGlobalSection
	GlobalSection(ProjectConfigurationPlatforms) = postSolution
		{AE3332A1-0E56-F852-B4B5-7951BDE8826B}.Debug|Any CPU.ActiveCfg = Debug|Any CPU
		{AE3332A1-0E56-F852-B4B5-7951BDE8826B}.Debug|Any CPU.Build.0 = Debug|Any CPU
		{AE3332A1-0E56-F852-B4B5-7951BDE8826B}.Release|Any CPU.ActiveCfg = Release|Any CPU
		{AE3332A1-0E56-F852-B4B5-7951BDE8826B}.Release|Any CPU.Build.0 = Release|Any CPU
	EndGlobalSection
	GlobalSection(SolutionProperties) = preSolution
		HideSolutionNode = FALSE
	EndGlobalSection
	GlobalSection(ExtensibilityGlobals) = postSolution
		SolutionGuid = {76512A68-7244-4420-8C1A-5FC07F826D70}
	EndGlobalSection
EndGlobal
