
Microsoft Visual Studio Solution File, Format Version 12.00
# Visual Studio Version 17
VisualStudioVersion = 17.12.35514.174 d17.12
MinimumVisualStudioVersion = 10.0.40219.1
Project("{FAE04EC0-301F-11D3-BF4B-00C04F79EFBC}") = "WebApp", "WebApp.csproj", "{B619C11A-6E56-4D88-9CC4-30F3D791D7B1}"
EndProject
Project("{FAE04EC0-301F-11D3-BF4B-00C04F79EFBC}") = "ConsoleApp1", "..\HomeWork\OpenData分析資料練習\C110152338\ConsoleApp1\ConsoleApp1\ConsoleApp1.csproj", "{CB50E93F-95F1-45B2-81B9-FC0F2495832B}"
EndProject
Global
	GlobalSection(SolutionConfigurationPlatforms) = preSolution
		Debug|Any CPU = Debug|Any CPU
		Release|Any CPU = Release|Any CPU
	EndGlobalSection
	GlobalSection(ProjectConfigurationPlatforms) = postSolution
		{B619C11A-6E56-4D88-9CC4-30F3D791D7B1}.Debug|Any CPU.ActiveCfg = Debug|Any CPU
		{B619C11A-6E56-4D88-9CC4-30F3D791D7B1}.Debug|Any CPU.Build.0 = Debug|Any CPU
		{B619C11A-6E56-4D88-9CC4-30F3D791D7B1}.Release|Any CPU.ActiveCfg = Release|Any CPU
		{B619C11A-6E56-4D88-9CC4-30F3D791D7B1}.Release|Any CPU.Build.0 = Release|Any CPU
		{CB50E93F-95F1-45B2-81B9-FC0F2495832B}.Debug|Any CPU.ActiveCfg = Debug|Any CPU
		{CB50E93F-95F1-45B2-81B9-FC0F2495832B}.Debug|Any CPU.Build.0 = Debug|Any CPU
		{CB50E93F-95F1-45B2-81B9-FC0F2495832B}.Release|Any CPU.ActiveCfg = Release|Any CPU
		{CB50E93F-95F1-45B2-81B9-FC0F2495832B}.Release|Any CPU.Build.0 = Release|Any CPU
	EndGlobalSection
	GlobalSection(SolutionProperties) = preSolution
		HideSolutionNode = FALSE
	EndGlobalSection
EndGlobal
